
Microsoft Visual Studio Solution File, Format Version 12.00
# Visual Studio Version 17
VisualStudioVersion = 17.4.33213.308
MinimumVisualStudioVersion = 10.0.40219.1
Project("{FAE04EC0-301F-11D3-BF4B-00C04F79EFBC}") = "ejercicio2.Android", "ejercicio2.Android\ejercicio2.Android.csproj", "{1B78B28B-EBFE-4FD1-AB51-88B8B716C4CC}"
EndProject
Project("{FAE04EC0-301F-11D3-BF4B-00C04F79EFBC}") = "ejercicio2", "ejercicio2\ejercicio2.csproj", "{74656B20-7A48-4568-95A9-C07A189C4CD7}"
EndProject
Global
	GlobalSection(SolutionConfigurationPlatforms) = preSolution
		Debug|Any CPU = Debug|Any CPU
		Release|Any CPU = Release|Any CPU
	EndGlobalSection
	GlobalSection(ProjectConfigurationPlatforms) = postSolution
		{1B78B28B-EBFE-4FD1-AB51-88B8B716C4CC}.Debug|Any CPU.ActiveCfg = Debug|Any CPU
		{1B78B28B-EBFE-4FD1-AB51-88B8B716C4CC}.Debug|Any CPU.Build.0 = Debug|Any CPU
		{1B78B28B-EBFE-4FD1-AB51-88B8B716C4CC}.Debug|Any CPU.Deploy.0 = Debug|Any CPU
		{1B78B28B-EBFE-4FD1-AB51-88B8B716C4CC}.Release|Any CPU.ActiveCfg = Release|Any CPU
		{1B78B28B-EBFE-4FD1-AB51-88B8B716C4CC}.Release|Any CPU.Build.0 = Release|Any CPU
		{1B78B28B-EBFE-4FD1-AB51-88B8B716C4CC}.Release|Any CPU.Deploy.0 = Release|Any CPU
		{74656B20-7A48-4568-95A9-C07A189C4CD7}.Debug|Any CPU.ActiveCfg = Debug|Any CPU
		{74656B20-7A48-4568-95A9-C07A189C4CD7}.Debug|Any CPU.Build.0 = Debug|Any CPU
		{74656B20-7A48-4568-95A9-C07A189C4CD7}.Debug|Any CPU.Deploy.0 = Debug|Any CPU
		{74656B20-7A48-4568-95A9-C07A189C4CD7}.Release|Any CPU.ActiveCfg = Release|Any CPU
		{74656B20-7A48-4568-95A9-C07A189C4CD7}.Release|Any CPU.Build.0 = Release|Any CPU
		{74656B20-7A48-4568-95A9-C07A189C4CD7}.Release|Any CPU.Deploy.0 = Release|Any CPU
	EndGlobalSection
	GlobalSection(SolutionProperties) = preSolution
		HideSolutionNode = FALSE
	EndGlobalSection
	GlobalSection(ExtensibilityGlobals) = postSolution
		SolutionGuid = {C7C372E5-1510-4178-AC1C-7233F63D901B}
	EndGlobalSection
EndGlobal
